{
    "_meta": {
        "hash": {
            "sha256": "ca32c9d5fe84f2aa982abb8fbbbe0c48e953b8a6ac85bcc046ee8037517f9fb5"
        },
        "host-environment-markers": {
            "implementation_name": "cpython",
            "implementation_version": "3.5.2",
            "os_name": "posix",
            "platform_machine": "x86_64",
            "platform_python_implementation": "CPython",
            "platform_release": "4.4.0-116-generic",
            "platform_system": "Linux",
            "platform_version": "#140-Ubuntu SMP Mon Feb 12 21:23:04 UTC 2018",
            "python_full_version": "3.5.2",
            "python_version": "3.5",
            "sys_platform": "linux"
        },
        "pipfile-spec": 6,
        "requires": {},
        "sources": [
            {
                "name": "pypi",
                "url": "https://pypi.python.org/simple",
                "verify_ssl": true
            }
        ]
    },
    "default": {},
    "develop": {
        "certifi": {
            "hashes": [
                "sha256:14131608ad2fd56836d33a71ee60fa1c82bc9d2c8d98b7bdbc631fe1b3cd1296",
                "sha256:edbc3f203427eef571f79a7692bb160a2b0f7ccaa31953e99bd17e307cf63f7d"
            ],
            "version": "==2018.1.18"
        },
        "e1839a8": {
            "editable": true,
            "path": "."
        },
        "future": {
            "hashes": [
                "sha256:e39ced1ab767b5936646cedba8bcce582398233d6a627067d4c6a454c90cfedb"
            ],
            "version": "==0.16.0"
        },
        "python-telegram-bot": {
            "hashes": [
                "sha256:f056bee9373b2789786a20366b4c986daa0569baa75c7ca0e32729487ba939d0",
                "sha256:90ac2ff18f6217ad06330af98ba148957c55b92ae473c65b6726e6b17d3674f6"
            ],
            "version": "==6.1.0"
        }
    }
}
